
Microsoft Visual Studio Solution File, Format Version 12.00
# Visual Studio Version 17
VisualStudioVersion = 17.11.35303.130
MinimumVisualStudioVersion = 10.0.40219.1
Project("{FAE04EC0-301F-11D3-BF4B-00C04F79EFBC}") = "AwariWPF", "AwariWPF.csproj", "{F2C4854D-A2A9-4D76-9BFF-DF4EC801F287}"
EndProject
Project("{9A19103F-16F7-4668-BE54-9A1E7A4F7556}") = "AwariModel", "..\AwariModel\AwariModel.csproj", "{1BFBDAFA-9A4D-4258-9392-F3F1101099F8}"
EndProject
Global
	GlobalSection(SolutionConfigurationPlatforms) = preSolution
		Debug|Any CPU = Debug|Any CPU
		Release|Any CPU = Release|Any CPU
	EndGlobalSection
	GlobalSection(ProjectConfigurationPlatforms) = postSolution
		{F2C4854D-A2A9-4D76-9BFF-DF4EC801F287}.Debug|Any CPU.ActiveCfg = Debug|Any CPU
		{F2C4854D-A2A9-4D76-9BFF-DF4EC801F287}.Debug|Any CPU.Build.0 = Debug|Any CPU
		{F2C4854D-A2A9-4D76-9BFF-DF4EC801F287}.Release|Any CPU.ActiveCfg = Release|Any CPU
		{F2C4854D-A2A9-4D76-9BFF-DF4EC801F287}.Release|Any CPU.Build.0 = Release|Any CPU
		{1BFBDAFA-9A4D-4258-9392-F3F1101099F8}.Debug|Any CPU.ActiveCfg = Debug|Any CPU
		{1BFBDAFA-9A4D-4258-9392-F3F1101099F8}.Debug|Any CPU.Build.0 = Debug|Any CPU
		{1BFBDAFA-9A4D-4258-9392-F3F1101099F8}.Release|Any CPU.ActiveCfg = Release|Any CPU
		{1BFBDAFA-9A4D-4258-9392-F3F1101099F8}.Release|Any CPU.Build.0 = Release|Any CPU
	EndGlobalSection
	GlobalSection(SolutionProperties) = preSolution
		HideSolutionNode = FALSE
	EndGlobalSection
	GlobalSection(ExtensibilityGlobals) = postSolution
		SolutionGuid = {8091F9DB-60C3-473A-B813-FB9530CA7171}
	EndGlobalSection
EndGlobal
