
Microsoft Visual Studio Solution File, Format Version 12.00
# Visual Studio Version 17
VisualStudioVersion = 17.11.35303.130
MinimumVisualStudioVersion = 10.0.40219.1
Project("{FAE04EC0-301F-11D3-BF4B-00C04F79EFBC}") = "LabirintusWinForms", "LabirintusWinForms.csproj", "{BA94E45D-C5B2-4454-B315-4257FAC02223}"
EndProject
Project("{9A19103F-16F7-4668-BE54-9A1E7A4F7556}") = "LabirintusModel", "..\LabirintusModel\LabirintusModel.csproj", "{0AE2937E-8ADE-4AEE-A6A8-9FAC85AFB610}"
EndProject
Global
	GlobalSection(SolutionConfigurationPlatforms) = preSolution
		Debug|Any CPU = Debug|Any CPU
		Release|Any CPU = Release|Any CPU
	EndGlobalSection
	GlobalSection(ProjectConfigurationPlatforms) = postSolution
		{BA94E45D-C5B2-4454-B315-4257FAC02223}.Debug|Any CPU.ActiveCfg = Debug|Any CPU
		{BA94E45D-C5B2-4454-B315-4257FAC02223}.Debug|Any CPU.Build.0 = Debug|Any CPU
		{BA94E45D-C5B2-4454-B315-4257FAC02223}.Release|Any CPU.ActiveCfg = Release|Any CPU
		{BA94E45D-C5B2-4454-B315-4257FAC02223}.Release|Any CPU.Build.0 = Release|Any CPU
		{0AE2937E-8ADE-4AEE-A6A8-9FAC85AFB610}.Debug|Any CPU.ActiveCfg = Debug|Any CPU
		{0AE2937E-8ADE-4AEE-A6A8-9FAC85AFB610}.Debug|Any CPU.Build.0 = Debug|Any CPU
		{0AE2937E-8ADE-4AEE-A6A8-9FAC85AFB610}.Release|Any CPU.ActiveCfg = Release|Any CPU
		{0AE2937E-8ADE-4AEE-A6A8-9FAC85AFB610}.Release|Any CPU.Build.0 = Release|Any CPU
	EndGlobalSection
	GlobalSection(SolutionProperties) = preSolution
		HideSolutionNode = FALSE
	EndGlobalSection
	GlobalSection(ExtensibilityGlobals) = postSolution
		SolutionGuid = {21DDC920-222C-4653-A5FA-DBF005942C24}
	EndGlobalSection
EndGlobal
