
Microsoft Visual Studio Solution File, Format Version 12.00
# Visual Studio Version 17
VisualStudioVersion = 17.11.35303.130
MinimumVisualStudioVersion = 10.0.40219.1
Project("{FAE04EC0-301F-11D3-BF4B-00C04F79EFBC}") = "SnakeWPF", "SnakeWPF.csproj", "{59E87792-63AF-4743-9EEF-11347524370C}"
EndProject
Project("{FAE04EC0-301F-11D3-BF4B-00C04F79EFBC}") = "SnakeModel", "..\SnakeModel\SnakeModel.csproj", "{472C4A66-4FC5-4491-BF82-79B3F9588124}"
EndProject
Global
	GlobalSection(SolutionConfigurationPlatforms) = preSolution
		Debug|Any CPU = Debug|Any CPU
		Release|Any CPU = Release|Any CPU
	EndGlobalSection
	GlobalSection(ProjectConfigurationPlatforms) = postSolution
		{59E87792-63AF-4743-9EEF-11347524370C}.Debug|Any CPU.ActiveCfg = Debug|Any CPU
		{59E87792-63AF-4743-9EEF-11347524370C}.Debug|Any CPU.Build.0 = Debug|Any CPU
		{59E87792-63AF-4743-9EEF-11347524370C}.Release|Any CPU.ActiveCfg = Release|Any CPU
		{59E87792-63AF-4743-9EEF-11347524370C}.Release|Any CPU.Build.0 = Release|Any CPU
		{472C4A66-4FC5-4491-BF82-79B3F9588124}.Debug|Any CPU.ActiveCfg = Debug|Any CPU
		{472C4A66-4FC5-4491-BF82-79B3F9588124}.Debug|Any CPU.Build.0 = Debug|Any CPU
		{472C4A66-4FC5-4491-BF82-79B3F9588124}.Release|Any CPU.ActiveCfg = Release|Any CPU
		{472C4A66-4FC5-4491-BF82-79B3F9588124}.Release|Any CPU.Build.0 = Release|Any CPU
	EndGlobalSection
	GlobalSection(SolutionProperties) = preSolution
		HideSolutionNode = FALSE
	EndGlobalSection
	GlobalSection(ExtensibilityGlobals) = postSolution
		SolutionGuid = {6174396B-757E-4BA9-A827-38196A4E8651}
	EndGlobalSection
EndGlobal
