
Microsoft Visual Studio Solution File, Format Version 12.00
# Visual Studio Version 17
VisualStudioVersion = 17.10.35013.160
MinimumVisualStudioVersion = 10.0.40219.1
Project("{9A19103F-16F7-4668-BE54-9A1E7A4F7556}") = "RunWPF", "LooseRobotWPF\RunWPF.csproj", "{EE42303D-D2B9-4308-96DD-7479E5E6330D}"
EndProject
Project("{9A19103F-16F7-4668-BE54-9A1E7A4F7556}") = "RunModel", "..\RunModel\RunModel.csproj", "{3A963FAB-FA05-4654-868F-CC493B858209}"
EndProject
Global
	GlobalSection(SolutionConfigurationPlatforms) = preSolution
		Debug|Any CPU = Debug|Any CPU
		Release|Any CPU = Release|Any CPU
	EndGlobalSection
	GlobalSection(ProjectConfigurationPlatforms) = postSolution
		{EE42303D-D2B9-4308-96DD-7479E5E6330D}.Debug|Any CPU.ActiveCfg = Debug|Any CPU
		{EE42303D-D2B9-4308-96DD-7479E5E6330D}.Debug|Any CPU.Build.0 = Debug|Any CPU
		{EE42303D-D2B9-4308-96DD-7479E5E6330D}.Release|Any CPU.ActiveCfg = Release|Any CPU
		{EE42303D-D2B9-4308-96DD-7479E5E6330D}.Release|Any CPU.Build.0 = Release|Any CPU
		{3A963FAB-FA05-4654-868F-CC493B858209}.Debug|Any CPU.ActiveCfg = Debug|Any CPU
		{3A963FAB-FA05-4654-868F-CC493B858209}.Debug|Any CPU.Build.0 = Debug|Any CPU
		{3A963FAB-FA05-4654-868F-CC493B858209}.Release|Any CPU.ActiveCfg = Release|Any CPU
		{3A963FAB-FA05-4654-868F-CC493B858209}.Release|Any CPU.Build.0 = Release|Any CPU
	EndGlobalSection
	GlobalSection(SolutionProperties) = preSolution
		HideSolutionNode = FALSE
	EndGlobalSection
	GlobalSection(ExtensibilityGlobals) = postSolution
		SolutionGuid = {486D3C57-4629-4454-A6A5-DF4F02932DD9}
	EndGlobalSection
EndGlobal
