
Microsoft Visual Studio Solution File, Format Version 12.00
# Visual Studio Version 17
VisualStudioVersion = 17.11.35303.130
MinimumVisualStudioVersion = 10.0.40219.1
Project("{FAE04EC0-301F-11D3-BF4B-00C04F79EFBC}") = "PotyogosAmobaWinForms", "PotyogosAmobaWinForms.csproj", "{9B193DAD-C5A1-4E55-87D5-13627116060D}"
EndProject
Project("{9A19103F-16F7-4668-BE54-9A1E7A4F7556}") = "PotyogosAmobaModel", "..\PotyogosAmobaModel\PotyogosAmobaModel.csproj", "{8E171A37-5723-45A9-A88B-CDA38172982A}"
EndProject
Global
	GlobalSection(SolutionConfigurationPlatforms) = preSolution
		Debug|Any CPU = Debug|Any CPU
		Release|Any CPU = Release|Any CPU
	EndGlobalSection
	GlobalSection(ProjectConfigurationPlatforms) = postSolution
		{9B193DAD-C5A1-4E55-87D5-13627116060D}.Debug|Any CPU.ActiveCfg = Debug|Any CPU
		{9B193DAD-C5A1-4E55-87D5-13627116060D}.Debug|Any CPU.Build.0 = Debug|Any CPU
		{9B193DAD-C5A1-4E55-87D5-13627116060D}.Release|Any CPU.ActiveCfg = Release|Any CPU
		{9B193DAD-C5A1-4E55-87D5-13627116060D}.Release|Any CPU.Build.0 = Release|Any CPU
		{8E171A37-5723-45A9-A88B-CDA38172982A}.Debug|Any CPU.ActiveCfg = Debug|Any CPU
		{8E171A37-5723-45A9-A88B-CDA38172982A}.Debug|Any CPU.Build.0 = Debug|Any CPU
		{8E171A37-5723-45A9-A88B-CDA38172982A}.Release|Any CPU.ActiveCfg = Release|Any CPU
		{8E171A37-5723-45A9-A88B-CDA38172982A}.Release|Any CPU.Build.0 = Release|Any CPU
	EndGlobalSection
	GlobalSection(SolutionProperties) = preSolution
		HideSolutionNode = FALSE
	EndGlobalSection
	GlobalSection(ExtensibilityGlobals) = postSolution
		SolutionGuid = {BBE3D09A-3E40-4446-8256-734711A39970}
	EndGlobalSection
EndGlobal
