
Microsoft Visual Studio Solution File, Format Version 12.00
# Visual Studio Version 17
VisualStudioVersion = 17.10.35013.160
MinimumVisualStudioVersion = 10.0.40219.1
Project("{9A19103F-16F7-4668-BE54-9A1E7A4F7556}") = "MaciWinForms", "MaciWinForms\MaciWinForms.csproj", "{178B509D-8C00-45C6-99F9-4D85E60D1679}"
EndProject
Project("{9A19103F-16F7-4668-BE54-9A1E7A4F7556}") = "MaciModel", "MaciModel\MaciModel.csproj", "{46362A37-E947-4909-91D8-DB96C29CE5D1}"
EndProject
Global
	GlobalSection(SolutionConfigurationPlatforms) = preSolution
		Debug|Any CPU = Debug|Any CPU
		Release|Any CPU = Release|Any CPU
	EndGlobalSection
	GlobalSection(ProjectConfigurationPlatforms) = postSolution
		{178B509D-8C00-45C6-99F9-4D85E60D1679}.Debug|Any CPU.ActiveCfg = Debug|Any CPU
		{178B509D-8C00-45C6-99F9-4D85E60D1679}.Debug|Any CPU.Build.0 = Debug|Any CPU
		{178B509D-8C00-45C6-99F9-4D85E60D1679}.Release|Any CPU.ActiveCfg = Release|Any CPU
		{178B509D-8C00-45C6-99F9-4D85E60D1679}.Release|Any CPU.Build.0 = Release|Any CPU
		{46362A37-E947-4909-91D8-DB96C29CE5D1}.Debug|Any CPU.ActiveCfg = Debug|Any CPU
		{46362A37-E947-4909-91D8-DB96C29CE5D1}.Debug|Any CPU.Build.0 = Debug|Any CPU
		{46362A37-E947-4909-91D8-DB96C29CE5D1}.Release|Any CPU.ActiveCfg = Release|Any CPU
		{46362A37-E947-4909-91D8-DB96C29CE5D1}.Release|Any CPU.Build.0 = Release|Any CPU
	EndGlobalSection
	GlobalSection(SolutionProperties) = preSolution
		HideSolutionNode = FALSE
	EndGlobalSection
	GlobalSection(ExtensibilityGlobals) = postSolution
		SolutionGuid = {96B41CC1-6AF5-4F45-8359-9876D83EDDDD}
	EndGlobalSection
EndGlobal
