
Microsoft Visual Studio Solution File, Format Version 12.00
# Visual Studio Version 17
VisualStudioVersion = 17.3.32901.215
MinimumVisualStudioVersion = 10.0.40219.1
Project("{FAE04EC0-301F-11D3-BF4B-00C04F79EFBC}") = "MineSweeper", "MineSweeper.csproj", "{AA9767B4-3F16-42C5-9FC8-C47786B189CD}"
EndProject
Global
	GlobalSection(SolutionConfigurationPlatforms) = preSolution
		Debug|Any CPU = Debug|Any CPU
		Release|Any CPU = Release|Any CPU
	EndGlobalSection
	GlobalSection(ProjectConfigurationPlatforms) = postSolution
		{AA9767B4-3F16-42C5-9FC8-C47786B189CD}.Debug|Any CPU.ActiveCfg = Debug|Any CPU
		{AA9767B4-3F16-42C5-9FC8-C47786B189CD}.Debug|Any CPU.Build.0 = Debug|Any CPU
		{AA9767B4-3F16-42C5-9FC8-C47786B189CD}.Release|Any CPU.ActiveCfg = Release|Any CPU
		{AA9767B4-3F16-42C5-9FC8-C47786B189CD}.Release|Any CPU.Build.0 = Release|Any CPU
	EndGlobalSection
	GlobalSection(SolutionProperties) = preSolution
		HideSolutionNode = FALSE
	EndGlobalSection
	GlobalSection(ExtensibilityGlobals) = postSolution
		SolutionGuid = {81598BE3-F579-47A2-ABB5-3A58078AFB72}
	EndGlobalSection
EndGlobal
